
Microsoft Visual Studio Solution File, Format Version 12.00
# Visual Studio Version 16
VisualStudioVersion = 16.0.30621.155
MinimumVisualStudioVersion = 10.0.40219.1
Project("{9A19103F-16F7-4668-BE54-9A1E7A4F7556}") = "Föreläsning1", "Laboration 1\Föreläsning1.csproj", "{164DF9AA-3BEB-491E-B8C7-1AB49DE6CF24}"
EndProject
Project("{9A19103F-16F7-4668-BE54-9A1E7A4F7556}") = "Uppgift1", "Uppgift 1\Uppgift1.csproj", "{66534132-D567-4512-8D3B-61890103433E}"
EndProject
Project("{9A19103F-16F7-4668-BE54-9A1E7A4F7556}") = "uppgift2", "uppgift2\uppgift2.csproj", "{C06F2CE6-7EFD-4386-8F3B-B31BC69B3462}"
EndProject
Project("{9A19103F-16F7-4668-BE54-9A1E7A4F7556}") = "uppgift3", "uppgift3\uppgift3.csproj", "{92FFF8FC-3D9C-4037-A083-2239C1BDF1F4}"
EndProject
Project("{9A19103F-16F7-4668-BE54-9A1E7A4F7556}") = "uppgift4", "uppgift4\uppgift4.csproj", "{B00F530F-C72C-4472-B72A-35A795602718}"
EndProject
Project("{9A19103F-16F7-4668-BE54-9A1E7A4F7556}") = "Föreläsning2", "Föreläsning2\Föreläsning2.csproj", "{2804D35B-36DB-403D-88E9-9C6843069F53}"
EndProject
Project("{9A19103F-16F7-4668-BE54-9A1E7A4F7556}") = "föreläsning3", "föreläsning3\föreläsning3.csproj", "{60C31E68-8337-4AEE-9DEA-83D779AF3B79}"
EndProject
Project("{9A19103F-16F7-4668-BE54-9A1E7A4F7556}") = "uppgift5", "uppgift5\uppgift5.csproj", "{8BB298F5-922F-4CC4-A1E9-3FC7FFC98F6E}"
EndProject
Project("{9A19103F-16F7-4668-BE54-9A1E7A4F7556}") = "uppgift6", "uppgift6\uppgift6.csproj", "{02EA7482-2299-4018-9D92-C3C4E8092177}"
EndProject
Project("{9A19103F-16F7-4668-BE54-9A1E7A4F7556}") = "föreläsning4", "föreläsning4\föreläsning4.csproj", "{C29B5B10-23BF-4E09-9E74-FCC90D49A87B}"
EndProject
Project("{9A19103F-16F7-4668-BE54-9A1E7A4F7556}") = "uppgift7", "uppgift7\uppgift7.csproj", "{6DC9E287-9D16-4BB4-A509-CA184BB9691B}"
EndProject
Project("{9A19103F-16F7-4668-BE54-9A1E7A4F7556}") = "uppgift8", "uppgift8\uppgift8.csproj", "{E9B75189-8B1E-4690-A066-38BADD7F6E1C}"
EndProject
Project("{9A19103F-16F7-4668-BE54-9A1E7A4F7556}") = "uppgift9", "uppgift9\uppgift9.csproj", "{F1658AF8-5B2B-4485-9A55-D15D91B6F7F7}"
EndProject
Project("{9A19103F-16F7-4668-BE54-9A1E7A4F7556}") = "roligt", "roligt\roligt.csproj", "{A4352495-0CCE-4CD1-AA69-DE2F8DEFF214}"
EndProject
Project("{9A19103F-16F7-4668-BE54-9A1E7A4F7556}") = "föreläsning6", "föreläsning5\föreläsning6.csproj", "{FE9C9E3D-0273-4F3E-8677-02C07141C13C}"
EndProject
Project("{9A19103F-16F7-4668-BE54-9A1E7A4F7556}") = "radioButton", "radioButton\radioButton.csproj", "{8F08CA61-A1A2-4BD7-93FB-BAF3D30E20A8}"
EndProject
Project("{9A19103F-16F7-4668-BE54-9A1E7A4F7556}") = "uppgift10", "uppgift10\uppgift10.csproj", "{C975EB32-8490-4BDC-AFA7-55A0ADD69523}"
EndProject
Project("{9A19103F-16F7-4668-BE54-9A1E7A4F7556}") = "FindSmallestNum", "FindSmallestNum\FindSmallestNum.csproj", "{EFD39F60-B508-453A-9C9B-DC2DAE3D924D}"
EndProject
Project("{9A19103F-16F7-4668-BE54-9A1E7A4F7556}") = "föreläsning7", "föreläsning7\föreläsning7.csproj", "{2191856C-3265-4598-910B-A449A9C795E2}"
EndProject
Project("{9A19103F-16F7-4668-BE54-9A1E7A4F7556}") = "uppgift11", "uppgift11\uppgift11.csproj", "{3A69D049-F381-43CD-943F-72A301B40B6A}"
EndProject
Project("{9A19103F-16F7-4668-BE54-9A1E7A4F7556}") = "uppgift12", "uppgift12\uppgift12.csproj", "{00F3427A-2434-4A68-A573-CE1C8EBE6247}"
EndProject
Project("{9A19103F-16F7-4668-BE54-9A1E7A4F7556}") = "uppgift14", "uppgift14\uppgift14.csproj", "{02D603EE-E619-461F-B51C-E3BB47184667}"
EndProject
Project("{9A19103F-16F7-4668-BE54-9A1E7A4F7556}") = "uppgift13", "uppgift13\uppgift13.csproj", "{F7039E73-67F4-4146-8257-D51DA389C93F}"
EndProject
Project("{9A19103F-16F7-4668-BE54-9A1E7A4F7556}") = "föreläsning8", "föreläsning8\föreläsning8.csproj", "{41B10246-571F-4917-A299-677AF64A26C7}"
EndProject
Project("{9A19103F-16F7-4668-BE54-9A1E7A4F7556}") = "ShuffleTheName", "ShuffleTheName\ShuffleTheName.csproj", "{C4DEBD29-A74D-4668-A10D-3DA95C372D3E}"
EndProject
Project("{9A19103F-16F7-4668-BE54-9A1E7A4F7556}") = "föreläsning9", "föreläsning9\föreläsning9.csproj", "{6A9DBAFE-0400-491D-A66E-9080284CE52C}"
EndProject
Project("{9A19103F-16F7-4668-BE54-9A1E7A4F7556}") = "kladd", "kladd\kladd.csproj", "{7DEFE807-2A59-4002-BAF9-482085D337CC}"
EndProject
Project("{9A19103F-16F7-4668-BE54-9A1E7A4F7556}") = "uppgift15", "uppgift15\uppgift15.csproj", "{B4A671AC-8B21-4E9F-B982-007CBCC95E2E}"
EndProject
Project("{9A19103F-16F7-4668-BE54-9A1E7A4F7556}") = "handledning", "handledning\handledning.csproj", "{52CC7CD9-315D-422B-954F-C830451A35AC}"
EndProject
Project("{9A19103F-16F7-4668-BE54-9A1E7A4F7556}") = "Labb2a", "Labb2a\Labb2a.csproj", "{787FD05C-C9FE-428B-B31B-5D0A06DC9EED}"
EndProject
Project("{9A19103F-16F7-4668-BE54-9A1E7A4F7556}") = "föreläsning10", "föreläsning10\föreläsning10.csproj", "{4F1C6E42-28C0-43F9-B5E3-4C3702096A7B}"
EndProject
Project("{9A19103F-16F7-4668-BE54-9A1E7A4F7556}") = "föreläsning11", "föreläsning11\föreläsning11.csproj", "{89F8C462-B242-4910-942A-84E6AE2C9DE1}"
EndProject
Project("{9A19103F-16F7-4668-BE54-9A1E7A4F7556}") = "föreläsning12", "föreläsning12\föreläsning12.csproj", "{F27AEAC9-B8A6-4F26-BAE8-F9B60BF7E762}"
EndProject
Project("{9A19103F-16F7-4668-BE54-9A1E7A4F7556}") = "föreläsning13", "föreläsning13\föreläsning13.csproj", "{F7A959C8-EBF7-45B1-A359-74618237E793}"
EndProject
Project("{9A19103F-16F7-4668-BE54-9A1E7A4F7556}") = "Godiskalkylator", "Godiskalkylator\Godiskalkylator.csproj", "{616E03AC-D843-42FD-9275-3451180D5F47}"
EndProject
Project("{9A19103F-16F7-4668-BE54-9A1E7A4F7556}") = "test", "test\test.csproj", "{DB17373D-3A10-4FA4-B566-D824EDC18DC4}"
EndProject
Project("{9A19103F-16F7-4668-BE54-9A1E7A4F7556}") = "Labb2b", "Labb2b\Labb2b.csproj", "{32B4B6D7-AAB1-47A8-945A-7671EA131966}"
EndProject
Project("{9A19103F-16F7-4668-BE54-9A1E7A4F7556}") = "Biltema", "Biltema\Biltema.csproj", "{19D0017C-7D6D-4A93-8780-D058A515078F}"
EndProject
Project("{9A19103F-16F7-4668-BE54-9A1E7A4F7556}") = "Biltema3", "Biltema3\Biltema3.csproj", "{FB4EC87F-2E2D-4B2C-8984-72B34AF1A86B}"
EndProject
Project("{9A19103F-16F7-4668-BE54-9A1E7A4F7556}") = "Biltema4", "Biltema4\Biltema4.csproj", "{53E72036-B655-4533-873E-ECB671F059B1}"
EndProject
Project("{9A19103F-16F7-4668-BE54-9A1E7A4F7556}") = "biltema8", "biltema8\biltema8.csproj", "{73B5D840-ACE0-4BD9-9FC2-D58F5665646B}"
EndProject
Project("{9A19103F-16F7-4668-BE54-9A1E7A4F7556}") = "mäklare", "mäklare\mäklare.csproj", "{18761B4A-6B0B-4545-AD20-14FDE591C502}"
EndProject
Project("{9A19103F-16F7-4668-BE54-9A1E7A4F7556}") = "ägg", "ägg\ägg.csproj", "{7F64D352-CDF7-449A-AD0B-8E2413FF9CD2}"
EndProject
Project("{9A19103F-16F7-4668-BE54-9A1E7A4F7556}") = "Valet Uppgift1", "Valet Uppgift1\Valet Uppgift1.csproj", "{BE63105B-196C-41DD-877F-AD81EE3FFCD0}"
EndProject
Project("{9A19103F-16F7-4668-BE54-9A1E7A4F7556}") = "Valet Uppgift2", "Valet Uppgift2\Valet Uppgift2.csproj", "{A90081CE-C0F4-4CE6-AA74-F59E26BBE81A}"
EndProject
Project("{9A19103F-16F7-4668-BE54-9A1E7A4F7556}") = "Valet Uppgift3", "Valet Uppgift3\Valet Uppgift3.csproj", "{E756FA98-99DB-4C62-A0BE-C9B72D6F4658}"
EndProject
Project("{9A19103F-16F7-4668-BE54-9A1E7A4F7556}") = "NyttRoligtProjekt", "NyttRoligtProjekt\NyttRoligtProjekt.csproj", "{D2F99A53-90D3-41F1-8839-E2B9F6E01F63}"
EndProject
Project("{9A19103F-16F7-4668-BE54-9A1E7A4F7556}") = "Mäklare2", "Mäklare2\Mäklare2.csproj", "{1BA51D8E-EE4A-4565-94F1-EC018B3D8460}"
EndProject
Project("{FAE04EC0-301F-11D3-BF4B-00C04F79EFBC}") = "Tåget", "Tåget\Tåget.csproj", "{79F92564-2FA8-4238-95CF-4556C070CAA5}"
EndProject
Global
	GlobalSection(SolutionConfigurationPlatforms) = preSolution
		Debug|Any CPU = Debug|Any CPU
		Release|Any CPU = Release|Any CPU
	EndGlobalSection
	GlobalSection(ProjectConfigurationPlatforms) = postSolution
		{164DF9AA-3BEB-491E-B8C7-1AB49DE6CF24}.Debug|Any CPU.ActiveCfg = Debug|Any CPU
		{164DF9AA-3BEB-491E-B8C7-1AB49DE6CF24}.Debug|Any CPU.Build.0 = Debug|Any CPU
		{164DF9AA-3BEB-491E-B8C7-1AB49DE6CF24}.Release|Any CPU.ActiveCfg = Release|Any CPU
		{164DF9AA-3BEB-491E-B8C7-1AB49DE6CF24}.Release|Any CPU.Build.0 = Release|Any CPU
		{66534132-D567-4512-8D3B-61890103433E}.Debug|Any CPU.ActiveCfg = Debug|Any CPU
		{66534132-D567-4512-8D3B-61890103433E}.Debug|Any CPU.Build.0 = Debug|Any CPU
		{66534132-D567-4512-8D3B-61890103433E}.Release|Any CPU.ActiveCfg = Release|Any CPU
		{66534132-D567-4512-8D3B-61890103433E}.Release|Any CPU.Build.0 = Release|Any CPU
		{C06F2CE6-7EFD-4386-8F3B-B31BC69B3462}.Debug|Any CPU.ActiveCfg = Debug|Any CPU
		{C06F2CE6-7EFD-4386-8F3B-B31BC69B3462}.Debug|Any CPU.Build.0 = Debug|Any CPU
		{C06F2CE6-7EFD-4386-8F3B-B31BC69B3462}.Release|Any CPU.ActiveCfg = Release|Any CPU
		{C06F2CE6-7EFD-4386-8F3B-B31BC69B3462}.Release|Any CPU.Build.0 = Release|Any CPU
		{92FFF8FC-3D9C-4037-A083-2239C1BDF1F4}.Debug|Any CPU.ActiveCfg = Debug|Any CPU
		{92FFF8FC-3D9C-4037-A083-2239C1BDF1F4}.Debug|Any CPU.Build.0 = Debug|Any CPU
		{92FFF8FC-3D9C-4037-A083-2239C1BDF1F4}.Release|Any CPU.ActiveCfg = Release|Any CPU
		{92FFF8FC-3D9C-4037-A083-2239C1BDF1F4}.Release|Any CPU.Build.0 = Release|Any CPU
		{B00F530F-C72C-4472-B72A-35A795602718}.Debug|Any CPU.ActiveCfg = Debug|Any CPU
		{B00F530F-C72C-4472-B72A-35A795602718}.Debug|Any CPU.Build.0 = Debug|Any CPU
		{B00F530F-C72C-4472-B72A-35A795602718}.Release|Any CPU.ActiveCfg = Release|Any CPU
		{B00F530F-C72C-4472-B72A-35A795602718}.Release|Any CPU.Build.0 = Release|Any CPU
		{2804D35B-36DB-403D-88E9-9C6843069F53}.Debug|Any CPU.ActiveCfg = Debug|Any CPU
		{2804D35B-36DB-403D-88E9-9C6843069F53}.Debug|Any CPU.Build.0 = Debug|Any CPU
		{2804D35B-36DB-403D-88E9-9C6843069F53}.Release|Any CPU.ActiveCfg = Release|Any CPU
		{2804D35B-36DB-403D-88E9-9C6843069F53}.Release|Any CPU.Build.0 = Release|Any CPU
		{60C31E68-8337-4AEE-9DEA-83D779AF3B79}.Debug|Any CPU.ActiveCfg = Debug|Any CPU
		{60C31E68-8337-4AEE-9DEA-83D779AF3B79}.Debug|Any CPU.Build.0 = Debug|Any CPU
		{60C31E68-8337-4AEE-9DEA-83D779AF3B79}.Release|Any CPU.ActiveCfg = Release|Any CPU
		{60C31E68-8337-4AEE-9DEA-83D779AF3B79}.Release|Any CPU.Build.0 = Release|Any CPU
		{8BB298F5-922F-4CC4-A1E9-3FC7FFC98F6E}.Debug|Any CPU.ActiveCfg = Debug|Any CPU
		{8BB298F5-922F-4CC4-A1E9-3FC7FFC98F6E}.Debug|Any CPU.Build.0 = Debug|Any CPU
		{8BB298F5-922F-4CC4-A1E9-3FC7FFC98F6E}.Release|Any CPU.ActiveCfg = Release|Any CPU
		{8BB298F5-922F-4CC4-A1E9-3FC7FFC98F6E}.Release|Any CPU.Build.0 = Release|Any CPU
		{02EA7482-2299-4018-9D92-C3C4E8092177}.Debug|Any CPU.ActiveCfg = Debug|Any CPU
		{02EA7482-2299-4018-9D92-C3C4E8092177}.Debug|Any CPU.Build.0 = Debug|Any CPU
		{02EA7482-2299-4018-9D92-C3C4E8092177}.Release|Any CPU.ActiveCfg = Release|Any CPU
		{02EA7482-2299-4018-9D92-C3C4E8092177}.Release|Any CPU.Build.0 = Release|Any CPU
		{C29B5B10-23BF-4E09-9E74-FCC90D49A87B}.Debug|Any CPU.ActiveCfg = Debug|Any CPU
		{C29B5B10-23BF-4E09-9E74-FCC90D49A87B}.Debug|Any CPU.Build.0 = Debug|Any CPU
		{C29B5B10-23BF-4E09-9E74-FCC90D49A87B}.Release|Any CPU.ActiveCfg = Release|Any CPU
		{C29B5B10-23BF-4E09-9E74-FCC90D49A87B}.Release|Any CPU.Build.0 = Release|Any CPU
		{6DC9E287-9D16-4BB4-A509-CA184BB9691B}.Debug|Any CPU.ActiveCfg = Debug|Any CPU
		{6DC9E287-9D16-4BB4-A509-CA184BB9691B}.Debug|Any CPU.Build.0 = Debug|Any CPU
		{6DC9E287-9D16-4BB4-A509-CA184BB9691B}.Release|Any CPU.ActiveCfg = Release|Any CPU
		{6DC9E287-9D16-4BB4-A509-CA184BB9691B}.Release|Any CPU.Build.0 = Release|Any CPU
		{E9B75189-8B1E-4690-A066-38BADD7F6E1C}.Debug|Any CPU.ActiveCfg = Debug|Any CPU
		{E9B75189-8B1E-4690-A066-38BADD7F6E1C}.Debug|Any CPU.Build.0 = Debug|Any CPU
		{E9B75189-8B1E-4690-A066-38BADD7F6E1C}.Release|Any CPU.ActiveCfg = Release|Any CPU
		{E9B75189-8B1E-4690-A066-38BADD7F6E1C}.Release|Any CPU.Build.0 = Release|Any CPU
		{F1658AF8-5B2B-4485-9A55-D15D91B6F7F7}.Debug|Any CPU.ActiveCfg = Debug|Any CPU
		{F1658AF8-5B2B-4485-9A55-D15D91B6F7F7}.Debug|Any CPU.Build.0 = Debug|Any CPU
		{F1658AF8-5B2B-4485-9A55-D15D91B6F7F7}.Release|Any CPU.ActiveCfg = Release|Any CPU
		{F1658AF8-5B2B-4485-9A55-D15D91B6F7F7}.Release|Any CPU.Build.0 = Release|Any CPU
		{A4352495-0CCE-4CD1-AA69-DE2F8DEFF214}.Debug|Any CPU.ActiveCfg = Debug|Any CPU
		{A4352495-0CCE-4CD1-AA69-DE2F8DEFF214}.Debug|Any CPU.Build.0 = Debug|Any CPU
		{A4352495-0CCE-4CD1-AA69-DE2F8DEFF214}.Release|Any CPU.ActiveCfg = Release|Any CPU
		{A4352495-0CCE-4CD1-AA69-DE2F8DEFF214}.Release|Any CPU.Build.0 = Release|Any CPU
		{FE9C9E3D-0273-4F3E-8677-02C07141C13C}.Debug|Any CPU.ActiveCfg = Debug|Any CPU
		{FE9C9E3D-0273-4F3E-8677-02C07141C13C}.Debug|Any CPU.Build.0 = Debug|Any CPU
		{FE9C9E3D-0273-4F3E-8677-02C07141C13C}.Release|Any CPU.ActiveCfg = Release|Any CPU
		{FE9C9E3D-0273-4F3E-8677-02C07141C13C}.Release|Any CPU.Build.0 = Release|Any CPU
		{8F08CA61-A1A2-4BD7-93FB-BAF3D30E20A8}.Debug|Any CPU.ActiveCfg = Debug|Any CPU
		{8F08CA61-A1A2-4BD7-93FB-BAF3D30E20A8}.Debug|Any CPU.Build.0 = Debug|Any CPU
		{8F08CA61-A1A2-4BD7-93FB-BAF3D30E20A8}.Release|Any CPU.ActiveCfg = Release|Any CPU
		{8F08CA61-A1A2-4BD7-93FB-BAF3D30E20A8}.Release|Any CPU.Build.0 = Release|Any CPU
		{C975EB32-8490-4BDC-AFA7-55A0ADD69523}.Debug|Any CPU.ActiveCfg = Debug|Any CPU
		{C975EB32-8490-4BDC-AFA7-55A0ADD69523}.Debug|Any CPU.Build.0 = Debug|Any CPU
		{C975EB32-8490-4BDC-AFA7-55A0ADD69523}.Release|Any CPU.ActiveCfg = Release|Any CPU
		{C975EB32-8490-4BDC-AFA7-55A0ADD69523}.Release|Any CPU.Build.0 = Release|Any CPU
		{EFD39F60-B508-453A-9C9B-DC2DAE3D924D}.Debug|Any CPU.ActiveCfg = Debug|Any CPU
		{EFD39F60-B508-453A-9C9B-DC2DAE3D924D}.Debug|Any CPU.Build.0 = Debug|Any CPU
		{EFD39F60-B508-453A-9C9B-DC2DAE3D924D}.Release|Any CPU.ActiveCfg = Release|Any CPU
		{EFD39F60-B508-453A-9C9B-DC2DAE3D924D}.Release|Any CPU.Build.0 = Release|Any CPU
		{2191856C-3265-4598-910B-A449A9C795E2}.Debug|Any CPU.ActiveCfg = Debug|Any CPU
		{2191856C-3265-4598-910B-A449A9C795E2}.Debug|Any CPU.Build.0 = Debug|Any CPU
		{2191856C-3265-4598-910B-A449A9C795E2}.Release|Any CPU.ActiveCfg = Release|Any CPU
		{2191856C-3265-4598-910B-A449A9C795E2}.Release|Any CPU.Build.0 = Release|Any CPU
		{3A69D049-F381-43CD-943F-72A301B40B6A}.Debug|Any CPU.ActiveCfg = Debug|Any CPU
		{3A69D049-F381-43CD-943F-72A301B40B6A}.Debug|Any CPU.Build.0 = Debug|Any CPU
		{3A69D049-F381-43CD-943F-72A301B40B6A}.Release|Any CPU.ActiveCfg = Release|Any CPU
		{3A69D049-F381-43CD-943F-72A301B40B6A}.Release|Any CPU.Build.0 = Release|Any CPU
		{00F3427A-2434-4A68-A573-CE1C8EBE6247}.Debug|Any CPU.ActiveCfg = Debug|Any CPU
		{00F3427A-2434-4A68-A573-CE1C8EBE6247}.Debug|Any CPU.Build.0 = Debug|Any CPU
		{00F3427A-2434-4A68-A573-CE1C8EBE6247}.Release|Any CPU.ActiveCfg = Release|Any CPU
		{00F3427A-2434-4A68-A573-CE1C8EBE6247}.Release|Any CPU.Build.0 = Release|Any CPU
		{02D603EE-E619-461F-B51C-E3BB47184667}.Debug|Any CPU.ActiveCfg = Debug|Any CPU
		{02D603EE-E619-461F-B51C-E3BB47184667}.Debug|Any CPU.Build.0 = Debug|Any CPU
		{02D603EE-E619-461F-B51C-E3BB47184667}.Release|Any CPU.ActiveCfg = Release|Any CPU
		{02D603EE-E619-461F-B51C-E3BB47184667}.Release|Any CPU.Build.0 = Release|Any CPU
		{F7039E73-67F4-4146-8257-D51DA389C93F}.Debug|Any CPU.ActiveCfg = Debug|Any CPU
		{F7039E73-67F4-4146-8257-D51DA389C93F}.Debug|Any CPU.Build.0 = Debug|Any CPU
		{F7039E73-67F4-4146-8257-D51DA389C93F}.Release|Any CPU.ActiveCfg = Release|Any CPU
		{F7039E73-67F4-4146-8257-D51DA389C93F}.Release|Any CPU.Build.0 = Release|Any CPU
		{41B10246-571F-4917-A299-677AF64A26C7}.Debug|Any CPU.ActiveCfg = Debug|Any CPU
		{41B10246-571F-4917-A299-677AF64A26C7}.Debug|Any CPU.Build.0 = Debug|Any CPU
		{41B10246-571F-4917-A299-677AF64A26C7}.Release|Any CPU.ActiveCfg = Release|Any CPU
		{41B10246-571F-4917-A299-677AF64A26C7}.Release|Any CPU.Build.0 = Release|Any CPU
		{C4DEBD29-A74D-4668-A10D-3DA95C372D3E}.Debug|Any CPU.ActiveCfg = Debug|Any CPU
		{C4DEBD29-A74D-4668-A10D-3DA95C372D3E}.Debug|Any CPU.Build.0 = Debug|Any CPU
		{C4DEBD29-A74D-4668-A10D-3DA95C372D3E}.Release|Any CPU.ActiveCfg = Release|Any CPU
		{C4DEBD29-A74D-4668-A10D-3DA95C372D3E}.Release|Any CPU.Build.0 = Release|Any CPU
		{6A9DBAFE-0400-491D-A66E-9080284CE52C}.Debug|Any CPU.ActiveCfg = Debug|Any CPU
		{6A9DBAFE-0400-491D-A66E-9080284CE52C}.Debug|Any CPU.Build.0 = Debug|Any CPU
		{6A9DBAFE-0400-491D-A66E-9080284CE52C}.Release|Any CPU.ActiveCfg = Release|Any CPU
		{6A9DBAFE-0400-491D-A66E-9080284CE52C}.Release|Any CPU.Build.0 = Release|Any CPU
		{7DEFE807-2A59-4002-BAF9-482085D337CC}.Debug|Any CPU.ActiveCfg = Debug|Any CPU
		{7DEFE807-2A59-4002-BAF9-482085D337CC}.Debug|Any CPU.Build.0 = Debug|Any CPU
		{7DEFE807-2A59-4002-BAF9-482085D337CC}.Release|Any CPU.ActiveCfg = Release|Any CPU
		{7DEFE807-2A59-4002-BAF9-482085D337CC}.Release|Any CPU.Build.0 = Release|Any CPU
		{B4A671AC-8B21-4E9F-B982-007CBCC95E2E}.Debug|Any CPU.ActiveCfg = Debug|Any CPU
		{B4A671AC-8B21-4E9F-B982-007CBCC95E2E}.Debug|Any CPU.Build.0 = Debug|Any CPU
		{B4A671AC-8B21-4E9F-B982-007CBCC95E2E}.Release|Any CPU.ActiveCfg = Release|Any CPU
		{B4A671AC-8B21-4E9F-B982-007CBCC95E2E}.Release|Any CPU.Build.0 = Release|Any CPU
		{52CC7CD9-315D-422B-954F-C830451A35AC}.Debug|Any CPU.ActiveCfg = Debug|Any CPU
		{52CC7CD9-315D-422B-954F-C830451A35AC}.Debug|Any CPU.Build.0 = Debug|Any CPU
		{52CC7CD9-315D-422B-954F-C830451A35AC}.Release|Any CPU.ActiveCfg = Release|Any CPU
		{52CC7CD9-315D-422B-954F-C830451A35AC}.Release|Any CPU.Build.0 = Release|Any CPU
		{787FD05C-C9FE-428B-B31B-5D0A06DC9EED}.Debug|Any CPU.ActiveCfg = Debug|Any CPU
		{787FD05C-C9FE-428B-B31B-5D0A06DC9EED}.Debug|Any CPU.Build.0 = Debug|Any CPU
		{787FD05C-C9FE-428B-B31B-5D0A06DC9EED}.Release|Any CPU.ActiveCfg = Release|Any CPU
		{787FD05C-C9FE-428B-B31B-5D0A06DC9EED}.Release|Any CPU.Build.0 = Release|Any CPU
		{4F1C6E42-28C0-43F9-B5E3-4C3702096A7B}.Debug|Any CPU.ActiveCfg = Debug|Any CPU
		{4F1C6E42-28C0-43F9-B5E3-4C3702096A7B}.Debug|Any CPU.Build.0 = Debug|Any CPU
		{4F1C6E42-28C0-43F9-B5E3-4C3702096A7B}.Release|Any CPU.ActiveCfg = Release|Any CPU
		{4F1C6E42-28C0-43F9-B5E3-4C3702096A7B}.Release|Any CPU.Build.0 = Release|Any CPU
		{89F8C462-B242-4910-942A-84E6AE2C9DE1}.Debug|Any CPU.ActiveCfg = Debug|Any CPU
		{89F8C462-B242-4910-942A-84E6AE2C9DE1}.Debug|Any CPU.Build.0 = Debug|Any CPU
		{89F8C462-B242-4910-942A-84E6AE2C9DE1}.Release|Any CPU.ActiveCfg = Release|Any CPU
		{89F8C462-B242-4910-942A-84E6AE2C9DE1}.Release|Any CPU.Build.0 = Release|Any CPU
		{F27AEAC9-B8A6-4F26-BAE8-F9B60BF7E762}.Debug|Any CPU.ActiveCfg = Debug|Any CPU
		{F27AEAC9-B8A6-4F26-BAE8-F9B60BF7E762}.Debug|Any CPU.Build.0 = Debug|Any CPU
		{F27AEAC9-B8A6-4F26-BAE8-F9B60BF7E762}.Release|Any CPU.ActiveCfg = Release|Any CPU
		{F27AEAC9-B8A6-4F26-BAE8-F9B60BF7E762}.Release|Any CPU.Build.0 = Release|Any CPU
		{F7A959C8-EBF7-45B1-A359-74618237E793}.Debug|Any CPU.ActiveCfg = Debug|Any CPU
		{F7A959C8-EBF7-45B1-A359-74618237E793}.Debug|Any CPU.Build.0 = Debug|Any CPU
		{F7A959C8-EBF7-45B1-A359-74618237E793}.Release|Any CPU.ActiveCfg = Release|Any CPU
		{F7A959C8-EBF7-45B1-A359-74618237E793}.Release|Any CPU.Build.0 = Release|Any CPU
		{616E03AC-D843-42FD-9275-3451180D5F47}.Debug|Any CPU.ActiveCfg = Debug|Any CPU
		{616E03AC-D843-42FD-9275-3451180D5F47}.Debug|Any CPU.Build.0 = Debug|Any CPU
		{616E03AC-D843-42FD-9275-3451180D5F47}.Release|Any CPU.ActiveCfg = Release|Any CPU
		{616E03AC-D843-42FD-9275-3451180D5F47}.Release|Any CPU.Build.0 = Release|Any CPU
		{DB17373D-3A10-4FA4-B566-D824EDC18DC4}.Debug|Any CPU.ActiveCfg = Debug|Any CPU
		{DB17373D-3A10-4FA4-B566-D824EDC18DC4}.Debug|Any CPU.Build.0 = Debug|Any CPU
		{DB17373D-3A10-4FA4-B566-D824EDC18DC4}.Release|Any CPU.ActiveCfg = Release|Any CPU
		{DB17373D-3A10-4FA4-B566-D824EDC18DC4}.Release|Any CPU.Build.0 = Release|Any CPU
		{32B4B6D7-AAB1-47A8-945A-7671EA131966}.Debug|Any CPU.ActiveCfg = Debug|Any CPU
		{32B4B6D7-AAB1-47A8-945A-7671EA131966}.Debug|Any CPU.Build.0 = Debug|Any CPU
		{32B4B6D7-AAB1-47A8-945A-7671EA131966}.Release|Any CPU.ActiveCfg = Release|Any CPU
		{32B4B6D7-AAB1-47A8-945A-7671EA131966}.Release|Any CPU.Build.0 = Release|Any CPU
		{19D0017C-7D6D-4A93-8780-D058A515078F}.Debug|Any CPU.ActiveCfg = Debug|Any CPU
		{19D0017C-7D6D-4A93-8780-D058A515078F}.Debug|Any CPU.Build.0 = Debug|Any CPU
		{19D0017C-7D6D-4A93-8780-D058A515078F}.Release|Any CPU.ActiveCfg = Release|Any CPU
		{19D0017C-7D6D-4A93-8780-D058A515078F}.Release|Any CPU.Build.0 = Release|Any CPU
		{FB4EC87F-2E2D-4B2C-8984-72B34AF1A86B}.Debug|Any CPU.ActiveCfg = Debug|Any CPU
		{FB4EC87F-2E2D-4B2C-8984-72B34AF1A86B}.Debug|Any CPU.Build.0 = Debug|Any CPU
		{FB4EC87F-2E2D-4B2C-8984-72B34AF1A86B}.Release|Any CPU.ActiveCfg = Release|Any CPU
		{FB4EC87F-2E2D-4B2C-8984-72B34AF1A86B}.Release|Any CPU.Build.0 = Release|Any CPU
		{53E72036-B655-4533-873E-ECB671F059B1}.Debug|Any CPU.ActiveCfg = Debug|Any CPU
		{53E72036-B655-4533-873E-ECB671F059B1}.Debug|Any CPU.Build.0 = Debug|Any CPU
		{53E72036-B655-4533-873E-ECB671F059B1}.Release|Any CPU.ActiveCfg = Release|Any CPU
		{53E72036-B655-4533-873E-ECB671F059B1}.Release|Any CPU.Build.0 = Release|Any CPU
		{73B5D840-ACE0-4BD9-9FC2-D58F5665646B}.Debug|Any CPU.ActiveCfg = Debug|Any CPU
		{73B5D840-ACE0-4BD9-9FC2-D58F5665646B}.Debug|Any CPU.Build.0 = Debug|Any CPU
		{73B5D840-ACE0-4BD9-9FC2-D58F5665646B}.Release|Any CPU.ActiveCfg = Release|Any CPU
		{73B5D840-ACE0-4BD9-9FC2-D58F5665646B}.Release|Any CPU.Build.0 = Release|Any CPU
		{18761B4A-6B0B-4545-AD20-14FDE591C502}.Debug|Any CPU.ActiveCfg = Debug|Any CPU
		{18761B4A-6B0B-4545-AD20-14FDE591C502}.Debug|Any CPU.Build.0 = Debug|Any CPU
		{18761B4A-6B0B-4545-AD20-14FDE591C502}.Release|Any CPU.ActiveCfg = Release|Any CPU
		{18761B4A-6B0B-4545-AD20-14FDE591C502}.Release|Any CPU.Build.0 = Release|Any CPU
		{7F64D352-CDF7-449A-AD0B-8E2413FF9CD2}.Debug|Any CPU.ActiveCfg = Debug|Any CPU
		{7F64D352-CDF7-449A-AD0B-8E2413FF9CD2}.Debug|Any CPU.Build.0 = Debug|Any CPU
		{7F64D352-CDF7-449A-AD0B-8E2413FF9CD2}.Release|Any CPU.ActiveCfg = Release|Any CPU
		{7F64D352-CDF7-449A-AD0B-8E2413FF9CD2}.Release|Any CPU.Build.0 = Release|Any CPU
		{BE63105B-196C-41DD-877F-AD81EE3FFCD0}.Debug|Any CPU.ActiveCfg = Debug|Any CPU
		{BE63105B-196C-41DD-877F-AD81EE3FFCD0}.Debug|Any CPU.Build.0 = Debug|Any CPU
		{BE63105B-196C-41DD-877F-AD81EE3FFCD0}.Release|Any CPU.ActiveCfg = Release|Any CPU
		{BE63105B-196C-41DD-877F-AD81EE3FFCD0}.Release|Any CPU.Build.0 = Release|Any CPU
		{A90081CE-C0F4-4CE6-AA74-F59E26BBE81A}.Debug|Any CPU.ActiveCfg = Debug|Any CPU
		{A90081CE-C0F4-4CE6-AA74-F59E26BBE81A}.Debug|Any CPU.Build.0 = Debug|Any CPU
		{A90081CE-C0F4-4CE6-AA74-F59E26BBE81A}.Release|Any CPU.ActiveCfg = Release|Any CPU
		{A90081CE-C0F4-4CE6-AA74-F59E26BBE81A}.Release|Any CPU.Build.0 = Release|Any CPU
		{E756FA98-99DB-4C62-A0BE-C9B72D6F4658}.Debug|Any CPU.ActiveCfg = Debug|Any CPU
		{E756FA98-99DB-4C62-A0BE-C9B72D6F4658}.Debug|Any CPU.Build.0 = Debug|Any CPU
		{E756FA98-99DB-4C62-A0BE-C9B72D6F4658}.Release|Any CPU.ActiveCfg = Release|Any CPU
		{E756FA98-99DB-4C62-A0BE-C9B72D6F4658}.Release|Any CPU.Build.0 = Release|Any CPU
		{D2F99A53-90D3-41F1-8839-E2B9F6E01F63}.Debug|Any CPU.ActiveCfg = Debug|Any CPU
		{D2F99A53-90D3-41F1-8839-E2B9F6E01F63}.Debug|Any CPU.Build.0 = Debug|Any CPU
		{D2F99A53-90D3-41F1-8839-E2B9F6E01F63}.Release|Any CPU.ActiveCfg = Release|Any CPU
		{D2F99A53-90D3-41F1-8839-E2B9F6E01F63}.Release|Any CPU.Build.0 = Release|Any CPU
		{1BA51D8E-EE4A-4565-94F1-EC018B3D8460}.Debug|Any CPU.ActiveCfg = Debug|Any CPU
		{1BA51D8E-EE4A-4565-94F1-EC018B3D8460}.Debug|Any CPU.Build.0 = Debug|Any CPU
		{1BA51D8E-EE4A-4565-94F1-EC018B3D8460}.Release|Any CPU.ActiveCfg = Release|Any CPU
		{1BA51D8E-EE4A-4565-94F1-EC018B3D8460}.Release|Any CPU.Build.0 = Release|Any CPU
		{79F92564-2FA8-4238-95CF-4556C070CAA5}.Debug|Any CPU.ActiveCfg = Debug|Any CPU
		{79F92564-2FA8-4238-95CF-4556C070CAA5}.Debug|Any CPU.Build.0 = Debug|Any CPU
		{79F92564-2FA8-4238-95CF-4556C070CAA5}.Release|Any CPU.ActiveCfg = Release|Any CPU
		{79F92564-2FA8-4238-95CF-4556C070CAA5}.Release|Any CPU.Build.0 = Release|Any CPU
	EndGlobalSection
	GlobalSection(SolutionProperties) = preSolution
		HideSolutionNode = FALSE
	EndGlobalSection
	GlobalSection(ExtensibilityGlobals) = postSolution
		SolutionGuid = {4E19805B-6FFC-41D1-B1C5-EFD57311D2B7}
	EndGlobalSection
EndGlobal
